
Microsoft Visual Studio Solution File, Format Version 12.00
Project("{2150E333-8FDC-42A3-9474-1A3956D46DE8}") = "src", "src", "{FCD3B0F3-D4EB-4FD8-ABEE-A34289B24B5C}"
EndProject
Project("{FAE04EC0-301F-11D3-BF4B-00C04F79EFBC}") = "IpLogsEventsGenerator", "src\IpLogsEventsGenerator\IpLogsEventsGenerator.csproj", "{6E1A3A00-46EA-4DB0-AF12-9FB53DEFFE0A}"
EndProject
Project("{2150E333-8FDC-42A3-9474-1A3956D46DE8}") = "Solution Items", "Solution Items", "{8EB41164-8010-481F-9AF4-FA3F4C0D63A9}"
	ProjectSection(SolutionItems) = preProject
		docker-compose.yml = docker-compose.yml
		.env = .env
		README.md = README.md
		.gitignore = .gitignore
		.github\workflows\build.yml = .github\workflows\build.yml
	EndProjectSection
EndProject
Project("{FAE04EC0-301F-11D3-BF4B-00C04F79EFBC}") = "IpLogsCommon", "src\IpLogsCommon\IpLogsCommon.csproj", "{A8004D3E-C9A5-4F16-8B80-A4F6A9E285E4}"
EndProject
Project("{FAE04EC0-301F-11D3-BF4B-00C04F79EFBC}") = "IpLogsEventsConsumer", "src\IpLogsEventsConsumer\IpLogsEventsConsumer.csproj", "{BE817BD7-272A-4992-9DE8-4069378CC325}"
EndProject
Project("{FAE04EC0-301F-11D3-BF4B-00C04F79EFBC}") = "IpLogsAPI", "src\IpLogsAPI\IpLogsAPI.csproj", "{33527573-160D-4684-B619-437B714A33F5}"
EndProject
Project("{2150E333-8FDC-42A3-9474-1A3956D46DE8}") = "Common", "Common", "{4D3DADDE-E966-4D8B-8328-4CEB7470A4A6}"
EndProject
Project("{FAE04EC0-301F-11D3-BF4B-00C04F79EFBC}") = "IpLogsDB", "src\IpLogsDB\IpLogsDB.csproj", "{3FDBD6A3-5BCD-4F21-8F25-E3C1CA2BA2F2}"
EndProject
Project("{2150E333-8FDC-42A3-9474-1A3956D46DE8}") = "tests", "tests", "{AE499F16-CDD1-48F6-BA10-F9506E6C99CA}"
EndProject
Project("{FAE04EC0-301F-11D3-BF4B-00C04F79EFBC}") = "IpLogsTests", "tests\IpLogsTests\IpLogsTests.csproj", "{287BC9EB-B71A-4B51-8F4E-CCEE0629FA85}"
EndProject
Global
	GlobalSection(SolutionConfigurationPlatforms) = preSolution
		Debug|Any CPU = Debug|Any CPU
		Release|Any CPU = Release|Any CPU
	EndGlobalSection
	GlobalSection(NestedProjects) = preSolution
		{6E1A3A00-46EA-4DB0-AF12-9FB53DEFFE0A} = {FCD3B0F3-D4EB-4FD8-ABEE-A34289B24B5C}
		{BE817BD7-272A-4992-9DE8-4069378CC325} = {FCD3B0F3-D4EB-4FD8-ABEE-A34289B24B5C}
		{33527573-160D-4684-B619-437B714A33F5} = {FCD3B0F3-D4EB-4FD8-ABEE-A34289B24B5C}
		{4D3DADDE-E966-4D8B-8328-4CEB7470A4A6} = {FCD3B0F3-D4EB-4FD8-ABEE-A34289B24B5C}
		{A8004D3E-C9A5-4F16-8B80-A4F6A9E285E4} = {4D3DADDE-E966-4D8B-8328-4CEB7470A4A6}
		{3FDBD6A3-5BCD-4F21-8F25-E3C1CA2BA2F2} = {FCD3B0F3-D4EB-4FD8-ABEE-A34289B24B5C}
		{287BC9EB-B71A-4B51-8F4E-CCEE0629FA85} = {AE499F16-CDD1-48F6-BA10-F9506E6C99CA}
	EndGlobalSection
	GlobalSection(ProjectConfigurationPlatforms) = postSolution
		{6E1A3A00-46EA-4DB0-AF12-9FB53DEFFE0A}.Debug|Any CPU.ActiveCfg = Debug|Any CPU
		{6E1A3A00-46EA-4DB0-AF12-9FB53DEFFE0A}.Debug|Any CPU.Build.0 = Debug|Any CPU
		{6E1A3A00-46EA-4DB0-AF12-9FB53DEFFE0A}.Release|Any CPU.ActiveCfg = Release|Any CPU
		{6E1A3A00-46EA-4DB0-AF12-9FB53DEFFE0A}.Release|Any CPU.Build.0 = Release|Any CPU
		{A8004D3E-C9A5-4F16-8B80-A4F6A9E285E4}.Debug|Any CPU.ActiveCfg = Debug|Any CPU
		{A8004D3E-C9A5-4F16-8B80-A4F6A9E285E4}.Debug|Any CPU.Build.0 = Debug|Any CPU
		{A8004D3E-C9A5-4F16-8B80-A4F6A9E285E4}.Release|Any CPU.ActiveCfg = Release|Any CPU
		{A8004D3E-C9A5-4F16-8B80-A4F6A9E285E4}.Release|Any CPU.Build.0 = Release|Any CPU
		{BE817BD7-272A-4992-9DE8-4069378CC325}.Debug|Any CPU.ActiveCfg = Debug|Any CPU
		{BE817BD7-272A-4992-9DE8-4069378CC325}.Debug|Any CPU.Build.0 = Debug|Any CPU
		{BE817BD7-272A-4992-9DE8-4069378CC325}.Release|Any CPU.ActiveCfg = Release|Any CPU
		{BE817BD7-272A-4992-9DE8-4069378CC325}.Release|Any CPU.Build.0 = Release|Any CPU
		{33527573-160D-4684-B619-437B714A33F5}.Debug|Any CPU.ActiveCfg = Debug|Any CPU
		{33527573-160D-4684-B619-437B714A33F5}.Debug|Any CPU.Build.0 = Debug|Any CPU
		{33527573-160D-4684-B619-437B714A33F5}.Release|Any CPU.ActiveCfg = Release|Any CPU
		{33527573-160D-4684-B619-437B714A33F5}.Release|Any CPU.Build.0 = Release|Any CPU
		{3FDBD6A3-5BCD-4F21-8F25-E3C1CA2BA2F2}.Debug|Any CPU.ActiveCfg = Debug|Any CPU
		{3FDBD6A3-5BCD-4F21-8F25-E3C1CA2BA2F2}.Debug|Any CPU.Build.0 = Debug|Any CPU
		{3FDBD6A3-5BCD-4F21-8F25-E3C1CA2BA2F2}.Release|Any CPU.ActiveCfg = Release|Any CPU
		{3FDBD6A3-5BCD-4F21-8F25-E3C1CA2BA2F2}.Release|Any CPU.Build.0 = Release|Any CPU
		{287BC9EB-B71A-4B51-8F4E-CCEE0629FA85}.Debug|Any CPU.ActiveCfg = Debug|Any CPU
		{287BC9EB-B71A-4B51-8F4E-CCEE0629FA85}.Debug|Any CPU.Build.0 = Debug|Any CPU
		{287BC9EB-B71A-4B51-8F4E-CCEE0629FA85}.Release|Any CPU.ActiveCfg = Release|Any CPU
		{287BC9EB-B71A-4B51-8F4E-CCEE0629FA85}.Release|Any CPU.Build.0 = Release|Any CPU
	EndGlobalSection
EndGlobal
